
Microsoft Visual Studio Solution File, Format Version 12.00
# Visual Studio Version 17
VisualStudioVersion = 17.3.32825.248
MinimumVisualStudioVersion = 10.0.40219.1
Project("{FAE04EC0-301F-11D3-BF4B-00C04F79EFBC}") = "Assignment1(n01535446)", "Assignment1(n01535446)\Assignment1(n01535446).csproj", "{44670ECD-DF14-49C8-92A4-F45C06E0EC7B}"
EndProject
Global
	GlobalSection(SolutionConfigurationPlatforms) = preSolution
		Debug|Any CPU = Debug|Any CPU
		Release|Any CPU = Release|Any CPU
	EndGlobalSection
	GlobalSection(ProjectConfigurationPlatforms) = postSolution
		{44670ECD-DF14-49C8-92A4-F45C06E0EC7B}.Debug|Any CPU.ActiveCfg = Debug|Any CPU
		{44670ECD-DF14-49C8-92A4-F45C06E0EC7B}.Debug|Any CPU.Build.0 = Debug|Any CPU
		{44670ECD-DF14-49C8-92A4-F45C06E0EC7B}.Release|Any CPU.ActiveCfg = Release|Any CPU
		{44670ECD-DF14-49C8-92A4-F45C06E0EC7B}.Release|Any CPU.Build.0 = Release|Any CPU
	EndGlobalSection
	GlobalSection(SolutionProperties) = preSolution
		HideSolutionNode = FALSE
	EndGlobalSection
	GlobalSection(ExtensibilityGlobals) = postSolution
		SolutionGuid = {07A9E98B-1EB4-4230-828C-D65356D7EC7F}
	EndGlobalSection
EndGlobal
